
Microsoft Visual Studio Solution File, Format Version 12.00
# Visual Studio 2012
Project("{FAE04EC0-301F-11D3-BF4B-00C04F79EFBC}") = "WebAppHost", "WebAppHost\WebAppHost.csproj", "{54E8566D-EE33-4534-8330-0256E5E523AF}"
EndProject
Project("{FAE04EC0-301F-11D3-BF4B-00C04F79EFBC}") = "UnitTestProject1", "UnitTestProject1\UnitTestProject1.csproj", "{CE008F74-86AF-433D-9BF6-6C395A518391}"
EndProject
Project("{FAE04EC0-301F-11D3-BF4B-00C04F79EFBC}") = "WebKitBrowser", "WebKitBrowser\WebKitBrowser.csproj", "{44AFE214-12C7-4280-898D-A7C4AABF1533}"
EndProject
Global
	GlobalSection(SolutionConfigurationPlatforms) = preSolution
		Debug|Any CPU = Debug|Any CPU
		Release|Any CPU = Release|Any CPU
	EndGlobalSection
	GlobalSection(ProjectConfigurationPlatforms) = postSolution
		{54E8566D-EE33-4534-8330-0256E5E523AF}.Debug|Any CPU.ActiveCfg = Debug|Any CPU
		{54E8566D-EE33-4534-8330-0256E5E523AF}.Debug|Any CPU.Build.0 = Debug|Any CPU
		{54E8566D-EE33-4534-8330-0256E5E523AF}.Release|Any CPU.ActiveCfg = Release|Any CPU
		{54E8566D-EE33-4534-8330-0256E5E523AF}.Release|Any CPU.Build.0 = Release|Any CPU
		{CE008F74-86AF-433D-9BF6-6C395A518391}.Debug|Any CPU.ActiveCfg = Debug|Any CPU
		{CE008F74-86AF-433D-9BF6-6C395A518391}.Debug|Any CPU.Build.0 = Debug|Any CPU
		{CE008F74-86AF-433D-9BF6-6C395A518391}.Release|Any CPU.ActiveCfg = Release|Any CPU
		{CE008F74-86AF-433D-9BF6-6C395A518391}.Release|Any CPU.Build.0 = Release|Any CPU
		{44AFE214-12C7-4280-898D-A7C4AABF1533}.Debug|Any CPU.ActiveCfg = Debug|Any CPU
		{44AFE214-12C7-4280-898D-A7C4AABF1533}.Debug|Any CPU.Build.0 = Debug|Any CPU
		{44AFE214-12C7-4280-898D-A7C4AABF1533}.Release|Any CPU.ActiveCfg = Release|Any CPU
		{44AFE214-12C7-4280-898D-A7C4AABF1533}.Release|Any CPU.Build.0 = Release|Any CPU
	EndGlobalSection
	GlobalSection(SolutionProperties) = preSolution
		HideSolutionNode = FALSE
	EndGlobalSection
EndGlobal
